
Microsoft Visual Studio Solution File, Format Version 12.00
# Visual Studio 15
VisualStudioVersion = 15.0.27428.2043
MinimumVisualStudioVersion = 10.0.40219.1
Project("{FAE04EC0-301F-11D3-BF4B-00C04F79EFBC}") = "CompanyHome", "CompanyHome\CompanyHome.csproj", "{B2BD26DB-D6A9-4E17-BD9A-C9E966832EC6}"
EndProject
Global
	GlobalSection(SolutionConfigurationPlatforms) = preSolution
		Debug|Any CPU = Debug|Any CPU
		Release|Any CPU = Release|Any CPU
	EndGlobalSection
	GlobalSection(ProjectConfigurationPlatforms) = postSolution
		{B2BD26DB-D6A9-4E17-BD9A-C9E966832EC6}.Debug|Any CPU.ActiveCfg = Debug|Any CPU
		{B2BD26DB-D6A9-4E17-BD9A-C9E966832EC6}.Debug|Any CPU.Build.0 = Debug|Any CPU
		{B2BD26DB-D6A9-4E17-BD9A-C9E966832EC6}.Release|Any CPU.ActiveCfg = Release|Any CPU
		{B2BD26DB-D6A9-4E17-BD9A-C9E966832EC6}.Release|Any CPU.Build.0 = Release|Any CPU
	EndGlobalSection
	GlobalSection(SolutionProperties) = preSolution
		HideSolutionNode = FALSE
	EndGlobalSection
	GlobalSection(ExtensibilityGlobals) = postSolution
		SolutionGuid = {F860451C-BCF7-4E27-9214-44F2260B9159}
	EndGlobalSection
EndGlobal
